# This file is automatically @generated by Cargo.
# It is not intended for manual editing.
version = 4

[[package]]
name = "onionskin-app"
version = "0.1.0"
dependencies = [
 "onionskin-codecs-common",
 "onionskin-commands-core",
 "onionskin-plugin-api",
 "onionskin-redact",
 "onionskin-tools-accessibility",
 "onionskin-tools-basic",
 "onionskin-tools-comment",
 "onionskin-tools-edit",
 "onionskin-tools-fill-sign",
 "onionskin-tools-form",
 "onionskin-tools-measure",
 "onionskin-tools-organize",
 "onionskin-tools-protect",
]

[[package]]
name = "onionskin-cli"
version = "0.1.0"

[[package]]
name = "onionskin-codecs-common"
version = "0.1.0"
dependencies = [
 "onionskin-plugin-api",
]

[[package]]
name = "onionskin-commands-core"
version = "0.1.0"
dependencies = [
 "onionskin-plugin-api",
]

[[package]]
name = "onionskin-content"
version = "0.1.0"

[[package]]
name = "onionskin-core"
version = "0.1.0"

[[package]]
name = "onionskin-cos"
version = "0.1.0"

[[package]]
name = "onionskin-crypto"
version = "0.1.0"

[[package]]
name = "onionskin-mcp"
version = "0.1.0"

[[package]]
name = "onionskin-plugin-api"
version = "0.1.0"
dependencies = [
 "onionskin-core",
]

[[package]]
name = "onionskin-print"
version = "0.1.0"

[[package]]
name = "onionskin-redact"
version = "0.1.0"
dependencies = [
 "onionskin-plugin-api",
]

[[package]]
name = "onionskin-render"
version = "0.1.0"

[[package]]
name = "onionskin-scripting"
version = "0.1.0"

[[package]]
name = "onionskin-text-engine"
version = "0.1.0"

[[package]]
name = "onionskin-tools-accessibility"
version = "0.1.0"
dependencies = [
 "onionskin-plugin-api",
]

[[package]]
name = "onionskin-tools-basic"
version = "0.1.0"
dependencies = [
 "onionskin-plugin-api",
]

[[package]]
name = "onionskin-tools-comment"
version = "0.1.0"
dependencies = [
 "onionskin-plugin-api",
]

[[package]]
name = "onionskin-tools-edit"
version = "0.1.0"
dependencies = [
 "onionskin-plugin-api",
]

[[package]]
name = "onionskin-tools-fill-sign"
version = "0.1.0"
dependencies = [
 "onionskin-plugin-api",
]

[[package]]
name = "onionskin-tools-form"
version = "0.1.0"
dependencies = [
 "onionskin-plugin-api",
]

[[package]]
name = "onionskin-tools-measure"
version = "0.1.0"
dependencies = [
 "onionskin-plugin-api",
]

[[package]]
name = "onionskin-tools-organize"
version = "0.1.0"
dependencies = [
 "onionskin-plugin-api",
]

[[package]]
name = "onionskin-tools-protect"
version = "0.1.0"
dependencies = [
 "onionskin-plugin-api",
]
